
Microsoft Visual Studio Solution File, Format Version 12.00
# Visual Studio 15
VisualStudioVersion = 15.0.26430.14
MinimumVisualStudioVersion = 10.0.40219.1
Project("{FAE04EC0-301F-11D3-BF4B-00C04F79EFBC}") = "InvoiceSystem", "InvoiceSystem\InvoiceSystem.csproj", "{A9B228A8-4BD2-4792-89BE-1F19893E24EF}"
EndProject
Global
	GlobalSection(SolutionConfigurationPlatforms) = preSolution
		Debug|Any CPU = Debug|Any CPU
		Release|Any CPU = Release|Any CPU
	EndGlobalSection
	GlobalSection(ProjectConfigurationPlatforms) = postSolution
		{A9B228A8-4BD2-4792-89BE-1F19893E24EF}.Debug|Any CPU.ActiveCfg = Debug|Any CPU
		{A9B228A8-4BD2-4792-89BE-1F19893E24EF}.Debug|Any CPU.Build.0 = Debug|Any CPU
		{A9B228A8-4BD2-4792-89BE-1F19893E24EF}.Release|Any CPU.ActiveCfg = Release|Any CPU
		{A9B228A8-4BD2-4792-89BE-1F19893E24EF}.Release|Any CPU.Build.0 = Release|Any CPU
	EndGlobalSection
	GlobalSection(SolutionProperties) = preSolution
		HideSolutionNode = FALSE
	EndGlobalSection
EndGlobal
